
Microsoft Visual Studio Solution File, Format Version 12.00
# Visual Studio Version 17
VisualStudioVersion = 17.0.31903.59
MinimumVisualStudioVersion = 10.0.40219.1
Project("{FAE04EC0-301F-11D3-BF4B-00C04F79EFBC}") = "Restaurant.API", "Restaurant.API\Restaurant.API.csproj", "{5CE67A1A-4A20-4F95-BAB5-E402D838B68D}"
EndProject
Project("{FAE04EC0-301F-11D3-BF4B-00C04F79EFBC}") = "Restaurant.Domain", "Restaurant.Domain\Restaurant.Domain.csproj", "{5AB3945E-A5F6-4E51-A158-93B317E20B3A}"
EndProject
Project("{FAE04EC0-301F-11D3-BF4B-00C04F79EFBC}") = "Restaurant.Application", "Restaurant.Application\Restaurant.Application.csproj", "{6B5D61FF-915F-471A-BAC8-FF658C86B55C}"
EndProject
Project("{FAE04EC0-301F-11D3-BF4B-00C04F79EFBC}") = "Restaurant.Infrastructure", "Restaurant.Infrastructure\Restaurant.Infrastructure.csproj", "{B48E4CD3-EAF8-48E9-998C-77FE175D52A5}"
EndProject
Global
	GlobalSection(SolutionConfigurationPlatforms) = preSolution
		Debug|Any CPU = Debug|Any CPU
		Release|Any CPU = Release|Any CPU
	EndGlobalSection
	GlobalSection(SolutionProperties) = preSolution
		HideSolutionNode = FALSE
	EndGlobalSection
	GlobalSection(ProjectConfigurationPlatforms) = postSolution
		{5CE67A1A-4A20-4F95-BAB5-E402D838B68D}.Debug|Any CPU.ActiveCfg = Debug|Any CPU
		{5CE67A1A-4A20-4F95-BAB5-E402D838B68D}.Debug|Any CPU.Build.0 = Debug|Any CPU
		{5CE67A1A-4A20-4F95-BAB5-E402D838B68D}.Release|Any CPU.ActiveCfg = Release|Any CPU
		{5CE67A1A-4A20-4F95-BAB5-E402D838B68D}.Release|Any CPU.Build.0 = Release|Any CPU
		{5AB3945E-A5F6-4E51-A158-93B317E20B3A}.Debug|Any CPU.ActiveCfg = Debug|Any CPU
		{5AB3945E-A5F6-4E51-A158-93B317E20B3A}.Debug|Any CPU.Build.0 = Debug|Any CPU
		{5AB3945E-A5F6-4E51-A158-93B317E20B3A}.Release|Any CPU.ActiveCfg = Release|Any CPU
		{5AB3945E-A5F6-4E51-A158-93B317E20B3A}.Release|Any CPU.Build.0 = Release|Any CPU
		{6B5D61FF-915F-471A-BAC8-FF658C86B55C}.Debug|Any CPU.ActiveCfg = Debug|Any CPU
		{6B5D61FF-915F-471A-BAC8-FF658C86B55C}.Debug|Any CPU.Build.0 = Debug|Any CPU
		{6B5D61FF-915F-471A-BAC8-FF658C86B55C}.Release|Any CPU.ActiveCfg = Release|Any CPU
		{6B5D61FF-915F-471A-BAC8-FF658C86B55C}.Release|Any CPU.Build.0 = Release|Any CPU
		{B48E4CD3-EAF8-48E9-998C-77FE175D52A5}.Debug|Any CPU.ActiveCfg = Debug|Any CPU
		{B48E4CD3-EAF8-48E9-998C-77FE175D52A5}.Debug|Any CPU.Build.0 = Debug|Any CPU
		{B48E4CD3-EAF8-48E9-998C-77FE175D52A5}.Release|Any CPU.ActiveCfg = Release|Any CPU
		{B48E4CD3-EAF8-48E9-998C-77FE175D52A5}.Release|Any CPU.Build.0 = Release|Any CPU
	EndGlobalSection
EndGlobal
